
Microsoft Visual Studio Solution File, Format Version 12.00
# Visual Studio Version 17
VisualStudioVersion = 17.11.35222.181
MinimumVisualStudioVersion = 10.0.40219.1
Project("{FAE04EC0-301F-11D3-BF4B-00C04F79EFBC}") = "PasswordCheck", "PasswordCheck\PasswordCheck.csproj", "{135A369F-4F1F-4946-9331-4E229113B9BE}"
EndProject
Project("{FAE04EC0-301F-11D3-BF4B-00C04F79EFBC}") = "PasswordCheck.Tests", "PasswordCheck.Tests\PasswordCheck.Tests.csproj", "{C7ADE9E5-BA21-40C8-9E0B-7B65E1676BDA}"
EndProject
Global
	GlobalSection(SolutionConfigurationPlatforms) = preSolution
		Debug|Any CPU = Debug|Any CPU
		Release|Any CPU = Release|Any CPU
	EndGlobalSection
	GlobalSection(ProjectConfigurationPlatforms) = postSolution
		{135A369F-4F1F-4946-9331-4E229113B9BE}.Debug|Any CPU.ActiveCfg = Debug|Any CPU
		{135A369F-4F1F-4946-9331-4E229113B9BE}.Debug|Any CPU.Build.0 = Debug|Any CPU
		{135A369F-4F1F-4946-9331-4E229113B9BE}.Release|Any CPU.ActiveCfg = Release|Any CPU
		{135A369F-4F1F-4946-9331-4E229113B9BE}.Release|Any CPU.Build.0 = Release|Any CPU
		{C7ADE9E5-BA21-40C8-9E0B-7B65E1676BDA}.Debug|Any CPU.ActiveCfg = Debug|Any CPU
		{C7ADE9E5-BA21-40C8-9E0B-7B65E1676BDA}.Debug|Any CPU.Build.0 = Debug|Any CPU
		{C7ADE9E5-BA21-40C8-9E0B-7B65E1676BDA}.Release|Any CPU.ActiveCfg = Release|Any CPU
		{C7ADE9E5-BA21-40C8-9E0B-7B65E1676BDA}.Release|Any CPU.Build.0 = Release|Any CPU
	EndGlobalSection
	GlobalSection(SolutionProperties) = preSolution
		HideSolutionNode = FALSE
	EndGlobalSection
	GlobalSection(ExtensibilityGlobals) = postSolution
		SolutionGuid = {F6F02FE8-ECF9-4514-A7F4-55AE134ABE45}
	EndGlobalSection
EndGlobal
